
Microsoft Visual Studio Solution File, Format Version 12.00
# Visual Studio 15
VisualStudioVersion = 15.0.28010.2036
MinimumVisualStudioVersion = 10.0.40219.1
Project("{FAE04EC0-301F-11D3-BF4B-00C04F79EFBC}") = "DoubleFor", "DoubleFor\DoubleFor.csproj", "{7DFCE629-9110-484C-96C0-149EA91BE28D}"
EndProject
Global
	GlobalSection(SolutionConfigurationPlatforms) = preSolution
		Debug|Any CPU = Debug|Any CPU
		Release|Any CPU = Release|Any CPU
	EndGlobalSection
	GlobalSection(ProjectConfigurationPlatforms) = postSolution
		{7DFCE629-9110-484C-96C0-149EA91BE28D}.Debug|Any CPU.ActiveCfg = Debug|Any CPU
		{7DFCE629-9110-484C-96C0-149EA91BE28D}.Debug|Any CPU.Build.0 = Debug|Any CPU
		{7DFCE629-9110-484C-96C0-149EA91BE28D}.Release|Any CPU.ActiveCfg = Release|Any CPU
		{7DFCE629-9110-484C-96C0-149EA91BE28D}.Release|Any CPU.Build.0 = Release|Any CPU
	EndGlobalSection
	GlobalSection(SolutionProperties) = preSolution
		HideSolutionNode = FALSE
	EndGlobalSection
	GlobalSection(ExtensibilityGlobals) = postSolution
		SolutionGuid = {BDEC9643-8BB9-4C05-A469-882BDE93BEA1}
	EndGlobalSection
EndGlobal
